
Microsoft Visual Studio Solution File, Format Version 12.00
# Visual Studio Version 16
VisualStudioVersion = 16.0.31515.178
MinimumVisualStudioVersion = 10.0.40219.1
Project("{FAE04EC0-301F-11D3-BF4B-00C04F79EFBC}") = "G-Code Lathe Facing", "G-Code Lathe Facing\G-Code Lathe Facing.csproj", "{C6C790C4-4739-479A-80BE-949DD82BAEC0}"
EndProject
Global
	GlobalSection(SolutionConfigurationPlatforms) = preSolution
		Debug|Any CPU = Debug|Any CPU
		Release|Any CPU = Release|Any CPU
	EndGlobalSection
	GlobalSection(ProjectConfigurationPlatforms) = postSolution
		{C6C790C4-4739-479A-80BE-949DD82BAEC0}.Debug|Any CPU.ActiveCfg = Debug|Any CPU
		{C6C790C4-4739-479A-80BE-949DD82BAEC0}.Debug|Any CPU.Build.0 = Debug|Any CPU
		{C6C790C4-4739-479A-80BE-949DD82BAEC0}.Release|Any CPU.ActiveCfg = Release|Any CPU
		{C6C790C4-4739-479A-80BE-949DD82BAEC0}.Release|Any CPU.Build.0 = Release|Any CPU
	EndGlobalSection
	GlobalSection(SolutionProperties) = preSolution
		HideSolutionNode = FALSE
	EndGlobalSection
	GlobalSection(ExtensibilityGlobals) = postSolution
		SolutionGuid = {C83F3715-D67E-467E-9BCA-E45FE4AE49D2}
	EndGlobalSection
EndGlobal
